
Microsoft Visual Studio Solution File, Format Version 12.00
# Visual Studio Version 17
VisualStudioVersion = 17.8.34330.188
MinimumVisualStudioVersion = 10.0.40219.1
Project("{9A19103F-16F7-4668-BE54-9A1E7A4F7556}") = "Tasker.Identity", "Tasker.Identity.csproj", "{D6E173B4-3576-4C3F-853A-DA07CB8FC4E0}"
EndProject
Global
	GlobalSection(SolutionConfigurationPlatforms) = preSolution
		Debug|Any CPU = Debug|Any CPU
		Release|Any CPU = Release|Any CPU
	EndGlobalSection
	GlobalSection(ProjectConfigurationPlatforms) = postSolution
		{D6E173B4-3576-4C3F-853A-DA07CB8FC4E0}.Debug|Any CPU.ActiveCfg = Debug|Any CPU
		{D6E173B4-3576-4C3F-853A-DA07CB8FC4E0}.Debug|Any CPU.Build.0 = Debug|Any CPU
		{D6E173B4-3576-4C3F-853A-DA07CB8FC4E0}.Release|Any CPU.ActiveCfg = Release|Any CPU
		{D6E173B4-3576-4C3F-853A-DA07CB8FC4E0}.Release|Any CPU.Build.0 = Release|Any CPU
	EndGlobalSection
	GlobalSection(SolutionProperties) = preSolution
		HideSolutionNode = FALSE
	EndGlobalSection
	GlobalSection(ExtensibilityGlobals) = postSolution
		SolutionGuid = {059B26CF-7574-4323-B961-87E342BB16B5}
	EndGlobalSection
EndGlobal
